
Microsoft Visual Studio Solution File, Format Version 12.00
# Visual Studio 14
VisualStudioVersion = 14.0.25420.1
MinimumVisualStudioVersion = 10.0.40219.1
Project("{FAE04EC0-301F-11D3-BF4B-00C04F79EFBC}") = "TradeMeStats", "TradeMeAPI\TradeMeStats.csproj", "{90A1D814-701E-4157-B829-D61BA69287FD}"
EndProject
Project("{FAE04EC0-301F-11D3-BF4B-00C04F79EFBC}") = "TrademeStats.DataModel", "TradeMeStats.DataModel\TrademeStats.DataModel.csproj", "{CD92F185-F61A-4934-8ACA-655ED3C48768}"
EndProject
Project("{FAE04EC0-301F-11D3-BF4B-00C04F79EFBC}") = "TrademeListingMonitor", "TrademeListingMonitor\TrademeListingMonitor.csproj", "{6FEE99D2-03E0-4BAA-9BEC-B015A39495A5}"
EndProject
Global
	GlobalSection(SolutionConfigurationPlatforms) = preSolution
		Debug|Any CPU = Debug|Any CPU
		Release|Any CPU = Release|Any CPU
	EndGlobalSection
	GlobalSection(ProjectConfigurationPlatforms) = postSolution
		{90A1D814-701E-4157-B829-D61BA69287FD}.Debug|Any CPU.ActiveCfg = Debug|Any CPU
		{90A1D814-701E-4157-B829-D61BA69287FD}.Debug|Any CPU.Build.0 = Debug|Any CPU
		{90A1D814-701E-4157-B829-D61BA69287FD}.Release|Any CPU.ActiveCfg = Release|Any CPU
		{90A1D814-701E-4157-B829-D61BA69287FD}.Release|Any CPU.Build.0 = Release|Any CPU
		{CD92F185-F61A-4934-8ACA-655ED3C48768}.Debug|Any CPU.ActiveCfg = Debug|Any CPU
		{CD92F185-F61A-4934-8ACA-655ED3C48768}.Debug|Any CPU.Build.0 = Debug|Any CPU
		{CD92F185-F61A-4934-8ACA-655ED3C48768}.Release|Any CPU.ActiveCfg = Release|Any CPU
		{CD92F185-F61A-4934-8ACA-655ED3C48768}.Release|Any CPU.Build.0 = Release|Any CPU
		{6FEE99D2-03E0-4BAA-9BEC-B015A39495A5}.Debug|Any CPU.ActiveCfg = Debug|Any CPU
		{6FEE99D2-03E0-4BAA-9BEC-B015A39495A5}.Debug|Any CPU.Build.0 = Debug|Any CPU
		{6FEE99D2-03E0-4BAA-9BEC-B015A39495A5}.Release|Any CPU.ActiveCfg = Release|Any CPU
		{6FEE99D2-03E0-4BAA-9BEC-B015A39495A5}.Release|Any CPU.Build.0 = Release|Any CPU
	EndGlobalSection
	GlobalSection(SolutionProperties) = preSolution
		HideSolutionNode = FALSE
	EndGlobalSection
EndGlobal
